// !$*UTF8*$!
{
	archiveVersion = 1;
	classes = {
	};
	objectVersion = 50;
	objects = {

/* Begin PBXBuildFile section */
		320A2FF12348401D0001E325 /* AppDelegate.swift in Sources */ = {isa = PBXBuildFile; fileRef = 320A2FF02348401D0001E325 /* AppDelegate.swift */; };
		320A2FF32348401D0001E325 /* ViewController.swift in Sources */ = {isa = PBXBuildFile; fileRef = 320A2FF22348401D0001E325 /* ViewController.swift */; };
		320A2FF62348401D0001E325 /* Main.storyboard in Resources */ = {isa = PBXBuildFile; fileRef = 320A2FF42348401D0001E325 /* Main.storyboard */; };
		320A2FF92348401D0001E325 /* TableViewExperiment.xcdatamodeld in Sources */ = {isa = PBXBuildFile; fileRef = 320A2FF72348401D0001E325 /* TableViewExperiment.xcdatamodeld */; };
		320A2FFB2348401E0001E325 /* Assets.xcassets in Resources */ = {isa = PBXBuildFile; fileRef = 320A2FFA2348401E0001E325 /* Assets.xcassets */; };
		320A2FFE2348401E0001E325 /* LaunchScreen.storyboard in Resources */ = {isa = PBXBuildFile; fileRef = 320A2FFC2348401E0001E325 /* LaunchScreen.storyboard */; };
		320A3006234842870001E325 /* AddViewController.swift in Sources */ = {isa = PBXBuildFile; fileRef = 320A3005234842870001E325 /* AddViewController.swift */; };
		321898E92368B32300EB5829 /* Dia+CoreDataProperties.swift in Sources */ = {isa = PBXBuildFile; fileRef = 321898E72368B32300EB5829 /* Dia+CoreDataProperties.swift */; };
		321898EA2368B32300EB5829 /* Ejercicio+CoreDataProperties.swift in Sources */ = {isa = PBXBuildFile; fileRef = 321898E82368B32300EB5829 /* Ejercicio+CoreDataProperties.swift */; };
		321898EC23694D2600EB5829 /* Dia.swift in Sources */ = {isa = PBXBuildFile; fileRef = 321898EB23694D2600EB5829 /* Dia.swift */; };
		321898EE23694D5300EB5829 /* Ejercicio.swift in Sources */ = {isa = PBXBuildFile; fileRef = 321898ED23694D5300EB5829 /* Ejercicio.swift */; };
		32FAB16C23486DD800806B23 /* EjerciciosViewController.swift in Sources */ = {isa = PBXBuildFile; fileRef = 32FAB16B23486DD800806B23 /* EjerciciosViewController.swift */; };
		32FAB16E2348784E00806B23 /* AddEjercicioViewController.swift in Sources */ = {isa = PBXBuildFile; fileRef = 32FAB16D2348784E00806B23 /* AddEjercicioViewController.swift */; };
		32FAB1702348EF8800806B23 /* ShowEjercicioViewController.swift in Sources */ = {isa = PBXBuildFile; fileRef = 32FAB16F2348EF8800806B23 /* ShowEjercicioViewController.swift */; };
/* End PBXBuildFile section */

/* Begin PBXFileReference section */
		320A2FED2348401D0001E325 /* Gym.app */ = {isa = PBXFileReference; explicitFileType = wrapper.application; includeInIndex = 0; path = Gym.app; sourceTree = BUILT_PRODUCTS_DIR; };
		320A2FF02348401D0001E325 /* AppDelegate.swift */ = {isa = PBXFileReference; lastKnownFileType = sourcecode.swift; path = AppDelegate.swift; sourceTree = "<group>"; };
		320A2FF22348401D0001E325 /* ViewController.swift */ = {isa = PBXFileReference; lastKnownFileType = sourcecode.swift; path = ViewController.swift; sourceTree = "<group>"; };
		320A2FF52348401D0001E325 /* Base */ = {isa = PBXFileReference; lastKnownFileType = file.storyboard; name = Base; path = Base.lproj/Main.storyboard; sourceTree = "<group>"; };
		320A2FF82348401D0001E325 /* TableViewExperiment.xcdatamodel */ = {isa = PBXFileReference; lastKnownFileType = wrapper.xcdatamodel; path = TableViewExperiment.xcdatamodel; sourceTree = "<group>"; };
		320A2FFA2348401E0001E325 /* Assets.xcassets */ = {isa = PBXFileReference; lastKnownFileType = folder.assetcatalog; path = Assets.xcassets; sourceTree = "<group>"; };
		320A2FFD2348401E0001E325 /* Base */ = {isa = PBXFileReference; lastKnownFileType = file.storyboard; name = Base; path = Base.lproj/LaunchScreen.storyboard; sourceTree = "<group>"; };
		320A2FFF2348401E0001E325 /* Info.plist */ = {isa = PBXFileReference; lastKnownFileType = text.plist.xml; path = Info.plist; sourceTree = "<group>"; };
		320A3005234842870001E325 /* AddViewController.swift */ = {isa = PBXFileReference; lastKnownFileType = sourcecode.swift; path = AddViewController.swift; sourceTree = "<group>"; };
		321898E72368B32300EB5829 /* Dia+CoreDataProperties.swift */ = {isa = PBXFileReference; lastKnownFileType = sourcecode.swift; name = "Dia+CoreDataProperties.swift"; path = "../Dia+CoreDataProperties.swift"; sourceTree = "<group>"; };
		321898E82368B32300EB5829 /* Ejercicio+CoreDataProperties.swift */ = {isa = PBXFileReference; lastKnownFileType = sourcecode.swift; name = "Ejercicio+CoreDataProperties.swift"; path = "../Ejercicio+CoreDataProperties.swift"; sourceTree = "<group>"; };
		321898EB23694D2600EB5829 /* Dia.swift */ = {isa = PBXFileReference; lastKnownFileType = sourcecode.swift; path = Dia.swift; sourceTree = "<group>"; };
		321898ED23694D5300EB5829 /* Ejercicio.swift */ = {isa = PBXFileReference; lastKnownFileType = sourcecode.swift; path = Ejercicio.swift; sourceTree = "<group>"; };
		322961182368B076006B9CD9 /* TableViewExperiment 2 v3.xcdatamodel */ = {isa = PBXFileReference; lastKnownFileType = wrapper.xcdatamodel; path = "TableViewExperiment 2 v3.xcdatamodel"; sourceTree = "<group>"; };
		32E10A5B2354F73300F6D5D4 /* TableViewExperiment 2 v2.xcdatamodel */ = {isa = PBXFileReference; lastKnownFileType = wrapper.xcdatamodel; path = "TableViewExperiment 2 v2.xcdatamodel"; sourceTree = "<group>"; };
		32FAB16B23486DD800806B23 /* EjerciciosViewController.swift */ = {isa = PBXFileReference; lastKnownFileType = sourcecode.swift; path = EjerciciosViewController.swift; sourceTree = "<group>"; };
		32FAB16D2348784E00806B23 /* AddEjercicioViewController.swift */ = {isa = PBXFileReference; lastKnownFileType = sourcecode.swift; path = AddEjercicioViewController.swift; sourceTree = "<group>"; };
		32FAB16F2348EF8800806B23 /* ShowEjercicioViewController.swift */ = {isa = PBXFileReference; lastKnownFileType = sourcecode.swift; path = ShowEjercicioViewController.swift; sourceTree = "<group>"; };
/* End PBXFileReference section */

/* Begin PBXFrameworksBuildPhase section */
		320A2FEA2348401D0001E325 /* Frameworks */ = {
			isa = PBXFrameworksBuildPhase;
			buildActionMask = 2147483647;
			files = (
			);
			runOnlyForDeploymentPostprocessing = 0;
		};
/* End PBXFrameworksBuildPhase section */

/* Begin PBXGroup section */
		320A2FE42348401D0001E325 = {
			isa = PBXGroup;
			children = (
				320A2FEF2348401D0001E325 /* TableViewExperiment */,
				320A2FEE2348401D0001E325 /* Products */,
			);
			sourceTree = "<group>";
		};
		320A2FEE2348401D0001E325 /* Products */ = {
			isa = PBXGroup;
			children = (
				320A2FED2348401D0001E325 /* Gym.app */,
			);
			name = Products;
			sourceTree = "<group>";
		};
		320A2FEF2348401D0001E325 /* TableViewExperiment */ = {
			isa = PBXGroup;
			children = (
				321898EB23694D2600EB5829 /* Dia.swift */,
				321898ED23694D5300EB5829 /* Ejercicio.swift */,
				321898E72368B32300EB5829 /* Dia+CoreDataProperties.swift */,
				321898E82368B32300EB5829 /* Ejercicio+CoreDataProperties.swift */,
				320A2FF42348401D0001E325 /* Main.storyboard */,
				320A2FF02348401D0001E325 /* AppDelegate.swift */,
				320A2FF22348401D0001E325 /* ViewController.swift */,
				320A3005234842870001E325 /* AddViewController.swift */,
				32FAB16B23486DD800806B23 /* EjerciciosViewController.swift */,
				32FAB16D2348784E00806B23 /* AddEjercicioViewController.swift */,
				32FAB16F2348EF8800806B23 /* ShowEjercicioViewController.swift */,
				320A2FF72348401D0001E325 /* TableViewExperiment.xcdatamodeld */,
				320A2FFA2348401E0001E325 /* Assets.xcassets */,
				320A2FFC2348401E0001E325 /* LaunchScreen.storyboard */,
				320A2FFF2348401E0001E325 /* Info.plist */,
			);
			path = TableViewExperiment;
			sourceTree = "<group>";
		};
/* End PBXGroup section */

/* Begin PBXNativeTarget section */
		320A2FEC2348401D0001E325 /* TableViewExperiment */ = {
			isa = PBXNativeTarget;
			buildConfigurationList = 320A30022348401E0001E325 /* Build configuration list for PBXNativeTarget "TableViewExperiment" */;
			buildPhases = (
				320A2FE92348401D0001E325 /* Sources */,
				320A2FEA2348401D0001E325 /* Frameworks */,
				320A2FEB2348401D0001E325 /* Resources */,
			);
			buildRules = (
			);
			dependencies = (
			);
			name = TableViewExperiment;
			productName = TableViewExperiment;
			productReference = 320A2FED2348401D0001E325 /* Gym.app */;
			productType = "com.apple.product-type.application";
		};
/* End PBXNativeTarget section */

/* Begin PBXProject section */
		320A2FE52348401D0001E325 /* Project object */ = {
			isa = PBXProject;
			attributes = {
				LastSwiftUpdateCheck = 1010;
				LastUpgradeCheck = 1010;
				ORGANIZATIONNAME = "Andres Quevedo";
				TargetAttributes = {
					320A2FEC2348401D0001E325 = {
						CreatedOnToolsVersion = 10.1;
					};
				};
			};
			buildConfigurationList = 320A2FE82348401D0001E325 /* Build configuration list for PBXProject "TableViewExperiment" */;
			compatibilityVersion = "Xcode 9.3";
			developmentRegion = en;
			hasScannedForEncodings = 0;
			knownRegions = (
				en,
				Base,
			);
			mainGroup = 320A2FE42348401D0001E325;
			productRefGroup = 320A2FEE2348401D0001E325 /* Products */;
			projectDirPath = "";
			projectRoot = "";
			targets = (
				320A2FEC2348401D0001E325 /* TableViewExperiment */,
			);
		};
/* End PBXProject section */

/* Begin PBXResourcesBuildPhase section */
		320A2FEB2348401D0001E325 /* Resources */ = {
			isa = PBXResourcesBuildPhase;
			buildActionMask = 2147483647;
			files = (
				320A2FFE2348401E0001E325 /* LaunchScreen.storyboard in Resources */,
				320A2FFB2348401E0001E325 /* Assets.xcassets in Resources */,
				320A2FF62348401D0001E325 /* Main.storyboard in Resources */,
			);
			runOnlyForDeploymentPostprocessing = 0;
		};
/* End PBXResourcesBuildPhase section */

/* Begin PBXSourcesBuildPhase section */
		320A2FE92348401D0001E325 /* Sources */ = {
			isa = PBXSourcesBuildPhase;
			buildActionMask = 2147483647;
			files = (
				321898E92368B32300EB5829 /* Dia+CoreDataProperties.swift in Sources */,
				320A2FF32348401D0001E325 /* ViewController.swift in Sources */,
				320A2FF12348401D0001E325 /* AppDelegate.swift in Sources */,
				321898EA2368B32300EB5829 /* Ejercicio+CoreDataProperties.swift in Sources */,
				32FAB16E2348784E00806B23 /* AddEjercicioViewController.swift in Sources */,
				320A3006234842870001E325 /* AddViewController.swift in Sources */,
				321898EE23694D5300EB5829 /* Ejercicio.swift in Sources */,
				32FAB16C23486DD800806B23 /* EjerciciosViewController.swift in Sources */,
				320A2FF92348401D0001E325 /* TableViewExperiment.xcdatamodeld in Sources */,
				321898EC23694D2600EB5829 /* Dia.swift in Sources */,
				32FAB1702348EF8800806B23 /* ShowEjercicioViewController.swift in Sources */,
			);
			runOnlyForDeploymentPostprocessing = 0;
		};
/* End PBXSourcesBuildPhase section */

/* Begin PBXVariantGroup section */
		320A2FF42348401D0001E325 /* Main.storyboard */ = {
			isa = PBXVariantGroup;
			children = (
				320A2FF52348401D0001E325 /* Base */,
			);
			name = Main.storyboard;
			sourceTree = "<group>";
		};
		320A2FFC2348401E0001E325 /* LaunchScreen.storyboard */ = {
			isa = PBXVariantGroup;
			children = (
				320A2FFD2348401E0001E325 /* Base */,
			);
			name = LaunchScreen.storyboard;
			sourceTree = "<group>";
		};
/* End PBXVariantGroup section */

/* Begin XCBuildConfiguration section */
		320A30002348401E0001E325 /* Debug */ = {
			isa = XCBuildConfiguration;
			buildSettings = {
				ALWAYS_SEARCH_USER_PATHS = NO;
				CLANG_ANALYZER_NONNULL = YES;
				CLANG_ANALYZER_NUMBER_OBJECT_CONVERSION = YES_AGGRESSIVE;
				CLANG_CXX_LANGUAGE_STANDARD = "gnu++14";
				CLANG_CXX_LIBRARY = "libc++";
				CLANG_ENABLE_MODULES = YES;
				CLANG_ENABLE_OBJC_ARC = YES;
				CLANG_ENABLE_OBJC_WEAK = YES;
				CLANG_WARN_BLOCK_CAPTURE_AUTORELEASING = YES;
				CLANG_WARN_BOOL_CONVERSION = YES;
				CLANG_WARN_COMMA = YES;
				CLANG_WARN_CONSTANT_CONVERSION = YES;
				CLANG_WARN_DEPRECATED_OBJC_IMPLEMENTATIONS = YES;
				CLANG_WARN_DIRECT_OBJC_ISA_USAGE = YES_ERROR;
				CLANG_WARN_DOCUMENTATION_COMMENTS = YES;
				CLANG_WARN_EMPTY_BODY = YES;
				CLANG_WARN_ENUM_CONVERSION = YES;
				CLANG_WARN_INFINITE_RECURSION = YES;
				CLANG_WARN_INT_CONVERSION = YES;
				CLANG_WARN_NON_LITERAL_NULL_CONVERSION = YES;
				CLANG_WARN_OBJC_IMPLICIT_RETAIN_SELF = YES;
				CLANG_WARN_OBJC_LITERAL_CONVERSION = YES;
				CLANG_WARN_OBJC_ROOT_CLASS = YES_ERROR;
				CLANG_WARN_RANGE_LOOP_ANALYSIS = YES;
				CLANG_WARN_STRICT_PROTOTYPES = YES;
				CLANG_WARN_SUSPICIOUS_MOVE = YES;
				CLANG_WARN_UNGUARDED_AVAILABILITY = YES_AGGRESSIVE;
				CLANG_WARN_UNREACHABLE_CODE = YES;
				CLANG_WARN__DUPLICATE_METHOD_MATCH = YES;
				CODE_SIGN_IDENTITY = "iPhone Developer";
				COPY_PHASE_STRIP = NO;
				DEBUG_INFORMATION_FORMAT = dwarf;
				ENABLE_STRICT_OBJC_MSGSEND = YES;
				ENABLE_TESTABILITY = YES;
				GCC_C_LANGUAGE_STANDARD = gnu11;
				GCC_DYNAMIC_NO_PIC = NO;
				GCC_NO_COMMON_BLOCKS = YES;
				GCC_OPTIMIZATION_LEVEL = 0;
				GCC_PREPROCESSOR_DEFINITIONS = (
					"DEBUG=1",
					"$(inherited)",
				);
				GCC_WARN_64_TO_32_BIT_CONVERSION = YES;
				GCC_WARN_ABOUT_RETURN_TYPE = YES_ERROR;
				GCC_WARN_UNDECLARED_SELECTOR = YES;
				GCC_WARN_UNINITIALIZED_AUTOS = YES_AGGRESSIVE;
				GCC_WARN_UNUSED_FUNCTION = YES;
				GCC_WARN_UNUSED_VARIABLE = YES;
				IPHONEOS_DEPLOYMENT_TARGET = 12.1;
				MTL_ENABLE_DEBUG_INFO = INCLUDE_SOURCE;
				MTL_FAST_MATH = YES;
				ONLY_ACTIVE_ARCH = YES;
				SDKROOT = iphoneos;
				SWIFT_ACTIVE_COMPILATION_CONDITIONS = DEBUG;
				SWIFT_OPTIMIZATION_LEVEL = "-Onone";
			};
			name = Debug;
		};
		320A30012348401E0001E325 /* Release */ = {
			isa = XCBuildConfiguration;
			buildSettings = {
				ALWAYS_SEARCH_USER_PATHS = NO;
				CLANG_ANALYZER_NONNULL = YES;
				CLANG_ANALYZER_NUMBER_OBJECT_CONVERSION = YES_AGGRESSIVE;
				CLANG_CXX_LANGUAGE_STANDARD = "gnu++14";
				CLANG_CXX_LIBRARY = "libc++";
				CLANG_ENABLE_MODULES = YES;
				CLANG_ENABLE_OBJC_ARC = YES;
				CLANG_ENABLE_OBJC_WEAK = YES;
				CLANG_WARN_BLOCK_CAPTURE_AUTORELEASING = YES;
				CLANG_WARN_BOOL_CONVERSION = YES;
				CLANG_WARN_COMMA = YES;
				CLANG_WARN_CONSTANT_CONVERSION = YES;
				CLANG_WARN_DEPRECATED_OBJC_IMPLEMENTATIONS = YES;
				CLANG_WARN_DIRECT_OBJC_ISA_USAGE = YES_ERROR;
				CLANG_WARN_DOCUMENTATION_COMMENTS = YES;
				CLANG_WARN_EMPTY_BODY = YES;
				CLANG_WARN_ENUM_CONVERSION = YES;
				CLANG_WARN_INFINITE_RECURSION = YES;
				CLANG_WARN_INT_CONVERSION = YES;
				CLANG_WARN_NON_LITERAL_NULL_CONVERSION = YES;
				CLANG_WARN_OBJC_IMPLICIT_RETAIN_SELF = YES;
				CLANG_WARN_OBJC_LITERAL_CONVERSION = YES;
				CLANG_WARN_OBJC_ROOT_CLASS = YES_ERROR;
				CLANG_WARN_RANGE_LOOP_ANALYSIS = YES;
				CLANG_WARN_STRICT_PROTOTYPES = YES;
				CLANG_WARN_SUSPICIOUS_MOVE = YES;
				CLANG_WARN_UNGUARDED_AVAILABILITY = YES_AGGRESSIVE;
				CLANG_WARN_UNREACHABLE_CODE = YES;
				CLANG_WARN__DUPLICATE_METHOD_MATCH = YES;
				CODE_SIGN_IDENTITY = "iPhone Developer";
				COPY_PHASE_STRIP = NO;
				DEBUG_INFORMATION_FORMAT = "dwarf-with-dsym";
				ENABLE_NS_ASSERTIONS = NO;
				ENABLE_STRICT_OBJC_MSGSEND = YES;
				GCC_C_LANGUAGE_STANDARD = gnu11;
				GCC_NO_COMMON_BLOCKS = YES;
				GCC_WARN_64_TO_32_BIT_CONVERSION = YES;
				GCC_WARN_ABOUT_RETURN_TYPE = YES_ERROR;
				GCC_WARN_UNDECLARED_SELECTOR = YES;
				GCC_WARN_UNINITIALIZED_AUTOS = YES_AGGRESSIVE;
				GCC_WARN_UNUSED_FUNCTION = YES;
				GCC_WARN_UNUSED_VARIABLE = YES;
				IPHONEOS_DEPLOYMENT_TARGET = 12.1;
				MTL_ENABLE_DEBUG_INFO = NO;
				MTL_FAST_MATH = YES;
				SDKROOT = iphoneos;
				SWIFT_COMPILATION_MODE = wholemodule;
				SWIFT_OPTIMIZATION_LEVEL = "-O";
				VALIDATE_PRODUCT = YES;
			};
			name = Release;
		};
		320A30032348401E0001E325 /* Debug */ = {
			isa = XCBuildConfiguration;
			buildSettings = {
				ASSETCATALOG_COMPILER_APPICON_NAME = AppIcon;
				CODE_SIGN_STYLE = Automatic;
				DEVELOPMENT_TEAM = VZQBG95U4T;
				INFOPLIST_FILE = TableViewExperiment/Info.plist;
				LD_RUNPATH_SEARCH_PATHS = (
					"$(inherited)",
					"@executable_path/Frameworks",
				);
				PRODUCT_BUNDLE_IDENTIFIER = com.AndresQuevedo.TableViewExperiment;
				PRODUCT_NAME = Gym;
				SWIFT_VERSION = 4.2;
				TARGETED_DEVICE_FAMILY = "1,2";
			};
			name = Debug;
		};
		320A30042348401E0001E325 /* Release */ = {
			isa = XCBuildConfiguration;
			buildSettings = {
				ASSETCATALOG_COMPILER_APPICON_NAME = AppIcon;
				CODE_SIGN_STYLE = Automatic;
				DEVELOPMENT_TEAM = VZQBG95U4T;
				INFOPLIST_FILE = TableViewExperiment/Info.plist;
				LD_RUNPATH_SEARCH_PATHS = (
					"$(inherited)",
					"@executable_path/Frameworks",
				);
				PRODUCT_BUNDLE_IDENTIFIER = com.AndresQuevedo.TableViewExperiment;
				PRODUCT_NAME = Gym;
				SWIFT_VERSION = 4.2;
				TARGETED_DEVICE_FAMILY = "1,2";
			};
			name = Release;
		};
/* End XCBuildConfiguration section */

/* Begin XCConfigurationList section */
		320A2FE82348401D0001E325 /* Build configuration list for PBXProject "TableViewExperiment" */ = {
			isa = XCConfigurationList;
			buildConfigurations = (
				320A30002348401E0001E325 /* Debug */,
				320A30012348401E0001E325 /* Release */,
			);
			defaultConfigurationIsVisible = 0;
			defaultConfigurationName = Release;
		};
		320A30022348401E0001E325 /* Build configuration list for PBXNativeTarget "TableViewExperiment" */ = {
			isa = XCConfigurationList;
			buildConfigurations = (
				320A30032348401E0001E325 /* Debug */,
				320A30042348401E0001E325 /* Release */,
			);
			defaultConfigurationIsVisible = 0;
			defaultConfigurationName = Release;
		};
/* End XCConfigurationList section */

/* Begin XCVersionGroup section */
		320A2FF72348401D0001E325 /* TableViewExperiment.xcdatamodeld */ = {
			isa = XCVersionGroup;
			children = (
				322961182368B076006B9CD9 /* TableViewExperiment 2 v3.xcdatamodel */,
				32E10A5B2354F73300F6D5D4 /* TableViewExperiment 2 v2.xcdatamodel */,
				320A2FF82348401D0001E325 /* TableViewExperiment.xcdatamodel */,
			);
			currentVersion = 322961182368B076006B9CD9 /* TableViewExperiment 2 v3.xcdatamodel */;
			path = TableViewExperiment.xcdatamodeld;
			sourceTree = "<group>";
			versionGroupType = wrapper.xcdatamodel;
		};
/* End XCVersionGroup section */
	};
	rootObject = 320A2FE52348401D0001E325 /* Project object */;
}
